github.com/emmansun/gmsm v0.41.1 h1:mD1MqmaXTEqt+9UVmDpRYvcEMIa5vuslFEnw7IWp6/w=
github.com/emmansun/gmsm v0.41.1/go.mod h1:FD1EQk4XcSMkahZFzNwFoI/uXzAlODB9JVsJ9G5N7Do=
github.com/google/uuid v1.6.0 h1:NIvaJDMOsjHA8n1jAhLSgzrAzy1Hgr+hNrb57e+94F0=
github.com/google/uuid v1.6.0/go.mod h1:TIyPZe4MgqvfeYDBFedMoGGpEw/LqOeaOT+nhxU+yHo=
